// !$*UTF8*$!
{
	archiveVersion = 1;
	classes = {
	};
	objectVersion = 46;
	objects = {

/* Begin PBXBuildFile section */
		19FB43771DBE929F00F0C609 /* EnhancedViewCustom.swift in Sources */ = {isa = PBXBuildFile; fileRef = 19FB43761DBE929E00F0C609 /* EnhancedViewCustom.swift */; };
		19FB437A1DBE93A200F0C609 /* Constants.swift in Sources */ = {isa = PBXBuildFile; fileRef = 19FB43791DBE93A200F0C609 /* Constants.swift */; };
		19FB437C1DBE964100F0C609 /* RoundBtn.swift in Sources */ = {isa = PBXBuildFile; fileRef = 19FB437B1DBE964100F0C609 /* RoundBtn.swift */; };
		19FB437E1DBEEB9F00F0C609 /* EnhancedTextField.swift in Sources */ = {isa = PBXBuildFile; fileRef = 19FB437D1DBEEB9F00F0C609 /* EnhancedTextField.swift */; };
		19FB43801DBEED3700F0C609 /* RoundSignInBtn.swift in Sources */ = {isa = PBXBuildFile; fileRef = 19FB437F1DBEED3700F0C609 /* RoundSignInBtn.swift */; };
		19FC1FDE1DBA79D9008AE078 /* AppDelegate.swift in Sources */ = {isa = PBXBuildFile; fileRef = 19FC1FDD1DBA79D9008AE078 /* AppDelegate.swift */; };
		19FC1FE01DBA79D9008AE078 /* SignInVC.swift in Sources */ = {isa = PBXBuildFile; fileRef = 19FC1FDF1DBA79D9008AE078 /* SignInVC.swift */; };
		19FC1FE31DBA79D9008AE078 /* Main.storyboard in Resources */ = {isa = PBXBuildFile; fileRef = 19FC1FE11DBA79D9008AE078 /* Main.storyboard */; };
		19FC1FE51DBA79DA008AE078 /* Assets.xcassets in Resources */ = {isa = PBXBuildFile; fileRef = 19FC1FE41DBA79DA008AE078 /* Assets.xcassets */; };
		19FC1FE81DBA79DA008AE078 /* LaunchScreen.storyboard in Resources */ = {isa = PBXBuildFile; fileRef = 19FC1FE61DBA79DA008AE078 /* LaunchScreen.storyboard */; };
		19FC1FF01DBA7A77008AE078 /* GoogleService-Info.plist in Resources */ = {isa = PBXBuildFile; fileRef = 19FC1FEF1DBA7A77008AE078 /* GoogleService-Info.plist */; };
/* End PBXBuildFile section */

/* Begin PBXFileReference section */
		19FB43761DBE929E00F0C609 /* EnhancedViewCustom.swift */ = {isa = PBXFileReference; fileEncoding = 4; lastKnownFileType = sourcecode.swift; path = EnhancedViewCustom.swift; sourceTree = "<group>"; };
		19FB43791DBE93A200F0C609 /* Constants.swift */ = {isa = PBXFileReference; fileEncoding = 4; lastKnownFileType = sourcecode.swift; path = Constants.swift; sourceTree = "<group>"; };
		19FB437B1DBE964100F0C609 /* RoundBtn.swift */ = {isa = PBXFileReference; fileEncoding = 4; lastKnownFileType = sourcecode.swift; path = RoundBtn.swift; sourceTree = "<group>"; };
		19FB437D1DBEEB9F00F0C609 /* EnhancedTextField.swift */ = {isa = PBXFileReference; fileEncoding = 4; lastKnownFileType = sourcecode.swift; path = EnhancedTextField.swift; sourceTree = "<group>"; };
		19FB437F1DBEED3700F0C609 /* RoundSignInBtn.swift */ = {isa = PBXFileReference; fileEncoding = 4; lastKnownFileType = sourcecode.swift; path = RoundSignInBtn.swift; sourceTree = "<group>"; };
		19FC1FDA1DBA79D9008AE078 /* Idealy.app */ = {isa = PBXFileReference; explicitFileType = wrapper.application; includeInIndex = 0; path = Idealy.app; sourceTree = BUILT_PRODUCTS_DIR; };
		19FC1FDD1DBA79D9008AE078 /* AppDelegate.swift */ = {isa = PBXFileReference; lastKnownFileType = sourcecode.swift; path = AppDelegate.swift; sourceTree = "<group>"; };
		19FC1FDF1DBA79D9008AE078 /* SignInVC.swift */ = {isa = PBXFileReference; lastKnownFileType = sourcecode.swift; path = SignInVC.swift; sourceTree = "<group>"; };
		19FC1FE21DBA79D9008AE078 /* Base */ = {isa = PBXFileReference; lastKnownFileType = file.storyboard; name = Base; path = Base.lproj/Main.storyboard; sourceTree = "<group>"; };
		19FC1FE41DBA79DA008AE078 /* Assets.xcassets */ = {isa = PBXFileReference; lastKnownFileType = folder.assetcatalog; path = Assets.xcassets; sourceTree = "<group>"; };
		19FC1FE71DBA79DA008AE078 /* Base */ = {isa = PBXFileReference; lastKnownFileType = file.storyboard; name = Base; path = Base.lproj/LaunchScreen.storyboard; sourceTree = "<group>"; };
		19FC1FE91DBA79DA008AE078 /* Info.plist */ = {isa = PBXFileReference; lastKnownFileType = text.plist.xml; path = Info.plist; sourceTree = "<group>"; };
		19FC1FEF1DBA7A77008AE078 /* GoogleService-Info.plist */ = {isa = PBXFileReference; fileEncoding = 4; lastKnownFileType = text.plist.xml; path = "GoogleService-Info.plist"; sourceTree = "<group>"; };
		6F31787B349B39662417C5C3 /* Pods-Idealy.release.xcconfig */ = {isa = PBXFileReference; includeInIndex = 1; lastKnownFileType = text.xcconfig; name = "Pods-Idealy.release.xcconfig"; path = "Pods/Target Support Files/Pods-Idealy/Pods-Idealy.release.xcconfig"; sourceTree = "<group>"; };
		ADAB6090F9785D2D2C8EAFDA /* Pods-Idealy.debug.xcconfig */ = {isa = PBXFileReference; includeInIndex = 1; lastKnownFileType = text.xcconfig; name = "Pods-Idealy.debug.xcconfig"; path = "Pods/Target Support Files/Pods-Idealy/Pods-Idealy.debug.xcconfig"; sourceTree = "<group>"; };
/* End PBXFileReference section */

/* Begin PBXFrameworksBuildPhase section */
		19FC1FD71DBA79D9008AE078 /* Frameworks */ = {
			isa = PBXFrameworksBuildPhase;
			buildActionMask = 2147483647;
			files = (
			);
			runOnlyForDeploymentPostprocessing = 0;
		};
/* End PBXFrameworksBuildPhase section */

/* Begin PBXGroup section */
		19FB43781DBE934700F0C609 /* Utilities */ = {
			isa = PBXGroup;
			children = (
				19FB43791DBE93A200F0C609 /* Constants.swift */,
			);
			name = Utilities;
			sourceTree = "<group>";
		};
		19FC1FD11DBA79D8008AE078 = {
			isa = PBXGroup;
			children = (
				19FC1FDC1DBA79D9008AE078 /* Idealy */,
				19FC1FDB1DBA79D9008AE078 /* Products */,
				709EF2E7757D0FB64C6BBAB2 /* Pods */,
				749F2D18E3D15D0971B8D21D /* Frameworks */,
			);
			sourceTree = "<group>";
		};
		19FC1FDB1DBA79D9008AE078 /* Products */ = {
			isa = PBXGroup;
			children = (
				19FC1FDA1DBA79D9008AE078 /* Idealy.app */,
			);
			name = Products;
			sourceTree = "<group>";
		};
		19FC1FDC1DBA79D9008AE078 /* Idealy */ = {
			isa = PBXGroup;
			children = (
				19FB43781DBE934700F0C609 /* Utilities */,
				19FC1FF11DBA80D6008AE078 /* Model */,
				19FC1FF31DBA80E2008AE078 /* Controller */,
				19FC1FF21DBA80DD008AE078 /* View */,
				19FC1FDD1DBA79D9008AE078 /* AppDelegate.swift */,
				19FC1FE11DBA79D9008AE078 /* Main.storyboard */,
				19FC1FE41DBA79DA008AE078 /* Assets.xcassets */,
				19FC1FE61DBA79DA008AE078 /* LaunchScreen.storyboard */,
				19FC1FE91DBA79DA008AE078 /* Info.plist */,
				19FC1FEF1DBA7A77008AE078 /* GoogleService-Info.plist */,
			);
			path = Idealy;
			sourceTree = "<group>";
		};
		19FC1FF11DBA80D6008AE078 /* Model */ = {
			isa = PBXGroup;
			children = (
			);
			name = Model;
			sourceTree = "<group>";
		};
		19FC1FF21DBA80DD008AE078 /* View */ = {
			isa = PBXGroup;
			children = (
				19FB43761DBE929E00F0C609 /* EnhancedViewCustom.swift */,
				19FB437B1DBE964100F0C609 /* RoundBtn.swift */,
				19FB437D1DBEEB9F00F0C609 /* EnhancedTextField.swift */,
				19FB437F1DBEED3700F0C609 /* RoundSignInBtn.swift */,
			);
			name = View;
			sourceTree = "<group>";
		};
		19FC1FF31DBA80E2008AE078 /* Controller */ = {
			isa = PBXGroup;
			children = (
				19FC1FDF1DBA79D9008AE078 /* SignInVC.swift */,
			);
			name = Controller;
			sourceTree = "<group>";
		};
		709EF2E7757D0FB64C6BBAB2 /* Pods */ = {
			isa = PBXGroup;
			children = (
				ADAB6090F9785D2D2C8EAFDA /* Pods-Idealy.debug.xcconfig */,
				6F31787B349B39662417C5C3 /* Pods-Idealy.release.xcconfig */,
			);
			name = Pods;
			sourceTree = "<group>";
		};
		749F2D18E3D15D0971B8D21D /* Frameworks */ = {
			isa = PBXGroup;
			children = (
			);
			name = Frameworks;
			sourceTree = "<group>";
		};
/* End PBXGroup section */

/* Begin PBXNativeTarget section */
		19FC1FD91DBA79D9008AE078 /* Idealy */ = {
			isa = PBXNativeTarget;
			buildConfigurationList = 19FC1FEC1DBA79DA008AE078 /* Build configuration list for PBXNativeTarget "Idealy" */;
			buildPhases = (
				2F746725A1D02BCFF59E81DB /* [CP] Check Pods Manifest.lock */,
				19FC1FD61DBA79D9008AE078 /* Sources */,
				19FC1FD71DBA79D9008AE078 /* Frameworks */,
				19FC1FD81DBA79D9008AE078 /* Resources */,
				D19A437F6D67C39DAAFF799B /* [CP] Embed Pods Frameworks */,
				56A34F78487A3B168B679006 /* [CP] Copy Pods Resources */,
			);
			buildRules = (
			);
			dependencies = (
			);
			name = Idealy;
			productName = Idealy;
			productReference = 19FC1FDA1DBA79D9008AE078 /* Idealy.app */;
			productType = "com.apple.product-type.application";
		};
/* End PBXNativeTarget section */

/* Begin PBXProject section */
		19FC1FD21DBA79D8008AE078 /* Project object */ = {
			isa = PBXProject;
			attributes = {
				LastSwiftUpdateCheck = 0800;
				LastUpgradeCheck = 0800;
				ORGANIZATIONNAME = "Steven Graf";
				TargetAttributes = {
					19FC1FD91DBA79D9008AE078 = {
						CreatedOnToolsVersion = 8.0;
						DevelopmentTeam = T4B85P4F7X;
						ProvisioningStyle = Automatic;
					};
				};
			};
			buildConfigurationList = 19FC1FD51DBA79D8008AE078 /* Build configuration list for PBXProject "Idealy" */;
			compatibilityVersion = "Xcode 3.2";
			developmentRegion = English;
			hasScannedForEncodings = 0;
			knownRegions = (
				en,
				Base,
			);
			mainGroup = 19FC1FD11DBA79D8008AE078;
			productRefGroup = 19FC1FDB1DBA79D9008AE078 /* Products */;
			projectDirPath = "";
			projectRoot = "";
			targets = (
				19FC1FD91DBA79D9008AE078 /* Idealy */,
			);
		};
/* End PBXProject section */

/* Begin PBXResourcesBuildPhase section */
		19FC1FD81DBA79D9008AE078 /* Resources */ = {
			isa = PBXResourcesBuildPhase;
			buildActionMask = 2147483647;
			files = (
				19FC1FF01DBA7A77008AE078 /* GoogleService-Info.plist in Resources */,
				19FC1FE81DBA79DA008AE078 /* LaunchScreen.storyboard in Resources */,
				19FC1FE51DBA79DA008AE078 /* Assets.xcassets in Resources */,
				19FC1FE31DBA79D9008AE078 /* Main.storyboard in Resources */,
			);
			runOnlyForDeploymentPostprocessing = 0;
		};
/* End PBXResourcesBuildPhase section */

/* Begin PBXShellScriptBuildPhase section */
		2F746725A1D02BCFF59E81DB /* [CP] Check Pods Manifest.lock */ = {
			isa = PBXShellScriptBuildPhase;
			buildActionMask = 2147483647;
			files = (
			);
			inputPaths = (
			);
			name = "[CP] Check Pods Manifest.lock";
			outputPaths = (
			);
			runOnlyForDeploymentPostprocessing = 0;
			shellPath = /bin/sh;
			shellScript = "diff \"${PODS_ROOT}/../Podfile.lock\" \"${PODS_ROOT}/Manifest.lock\" > /dev/null\nif [ $? != 0 ] ; then\n    # print error to STDERR\n    echo \"error: The sandbox is not in sync with the Podfile.lock. Run 'pod install' or update your CocoaPods installation.\" >&2\n    exit 1\nfi\n";
			showEnvVarsInLog = 0;
		};
		56A34F78487A3B168B679006 /* [CP] Copy Pods Resources */ = {
			isa = PBXShellScriptBuildPhase;
			buildActionMask = 2147483647;
			files = (
			);
			inputPaths = (
			);
			name = "[CP] Copy Pods Resources";
			outputPaths = (
			);
			runOnlyForDeploymentPostprocessing = 0;
			shellPath = /bin/sh;
			shellScript = "\"${SRCROOT}/Pods/Target Support Files/Pods-Idealy/Pods-Idealy-resources.sh\"\n";
			showEnvVarsInLog = 0;
		};
		D19A437F6D67C39DAAFF799B /* [CP] Embed Pods Frameworks */ = {
			isa = PBXShellScriptBuildPhase;
			buildActionMask = 2147483647;
			files = (
			);
			inputPaths = (
			);
			name = "[CP] Embed Pods Frameworks";
			outputPaths = (
			);
			runOnlyForDeploymentPostprocessing = 0;
			shellPath = /bin/sh;
			shellScript = "\"${SRCROOT}/Pods/Target Support Files/Pods-Idealy/Pods-Idealy-frameworks.sh\"\n";
			showEnvVarsInLog = 0;
		};
/* End PBXShellScriptBuildPhase section */

/* Begin PBXSourcesBuildPhase section */
		19FC1FD61DBA79D9008AE078 /* Sources */ = {
			isa = PBXSourcesBuildPhase;
			buildActionMask = 2147483647;
			files = (
				19FB43771DBE929F00F0C609 /* EnhancedViewCustom.swift in Sources */,
				19FB43801DBEED3700F0C609 /* RoundSignInBtn.swift in Sources */,
				19FB437E1DBEEB9F00F0C609 /* EnhancedTextField.swift in Sources */,
				19FB437C1DBE964100F0C609 /* RoundBtn.swift in Sources */,
				19FC1FE01DBA79D9008AE078 /* SignInVC.swift in Sources */,
				19FC1FDE1DBA79D9008AE078 /* AppDelegate.swift in Sources */,
				19FB437A1DBE93A200F0C609 /* Constants.swift in Sources */,
			);
			runOnlyForDeploymentPostprocessing = 0;
		};
/* End PBXSourcesBuildPhase section */

/* Begin PBXVariantGroup section */
		19FC1FE11DBA79D9008AE078 /* Main.storyboard */ = {
			isa = PBXVariantGroup;
			children = (
				19FC1FE21DBA79D9008AE078 /* Base */,
			);
			name = Main.storyboard;
			sourceTree = "<group>";
		};
		19FC1FE61DBA79DA008AE078 /* LaunchScreen.storyboard */ = {
			isa = PBXVariantGroup;
			children = (
				19FC1FE71DBA79DA008AE078 /* Base */,
			);
			name = LaunchScreen.storyboard;
			sourceTree = "<group>";
		};
/* End PBXVariantGroup section */

/* Begin XCBuildConfiguration section */
		19FC1FEA1DBA79DA008AE078 /* Debug */ = {
			isa = XCBuildConfiguration;
			buildSettings = {
				ALWAYS_SEARCH_USER_PATHS = NO;
				CLANG_ANALYZER_NONNULL = YES;
				CLANG_CXX_LANGUAGE_STANDARD = "gnu++0x";
				CLANG_CXX_LIBRARY = "libc++";
				CLANG_ENABLE_MODULES = YES;
				CLANG_ENABLE_OBJC_ARC = YES;
				CLANG_WARN_BOOL_CONVERSION = YES;
				CLANG_WARN_CONSTANT_CONVERSION = YES;
				CLANG_WARN_DIRECT_OBJC_ISA_USAGE = YES_ERROR;
				CLANG_WARN_DOCUMENTATION_COMMENTS = YES;
				CLANG_WARN_EMPTY_BODY = YES;
				CLANG_WARN_ENUM_CONVERSION = YES;
				CLANG_WARN_INFINITE_RECURSION = YES;
				CLANG_WARN_INT_CONVERSION = YES;
				CLANG_WARN_OBJC_ROOT_CLASS = YES_ERROR;
				CLANG_WARN_SUSPICIOUS_MOVES = YES;
				CLANG_WARN_UNREACHABLE_CODE = YES;
				CLANG_WARN__DUPLICATE_METHOD_MATCH = YES;
				"CODE_SIGN_IDENTITY[sdk=iphoneos*]" = "iPhone Developer";
				COPY_PHASE_STRIP = NO;
				DEBUG_INFORMATION_FORMAT = dwarf;
				ENABLE_STRICT_OBJC_MSGSEND = YES;
				ENABLE_TESTABILITY = YES;
				GCC_C_LANGUAGE_STANDARD = gnu99;
				GCC_DYNAMIC_NO_PIC = NO;
				GCC_NO_COMMON_BLOCKS = YES;
				GCC_OPTIMIZATION_LEVEL = 0;
				GCC_PREPROCESSOR_DEFINITIONS = (
					"DEBUG=1",
					"$(inherited)",
				);
				GCC_WARN_64_TO_32_BIT_CONVERSION = YES;
				GCC_WARN_ABOUT_RETURN_TYPE = YES_ERROR;
				GCC_WARN_UNDECLARED_SELECTOR = YES;
				GCC_WARN_UNINITIALIZED_AUTOS = YES_AGGRESSIVE;
				GCC_WARN_UNUSED_FUNCTION = YES;
				GCC_WARN_UNUSED_VARIABLE = YES;
				IPHONEOS_DEPLOYMENT_TARGET = 10.0;
				MTL_ENABLE_DEBUG_INFO = YES;
				ONLY_ACTIVE_ARCH = YES;
				SDKROOT = iphoneos;
				SWIFT_ACTIVE_COMPILATION_CONDITIONS = DEBUG;
				SWIFT_OPTIMIZATION_LEVEL = "-Onone";
				TARGETED_DEVICE_FAMILY = "1,2";
			};
			name = Debug;
		};
		19FC1FEB1DBA79DA008AE078 /* Release */ = {
			isa = XCBuildConfiguration;
			buildSettings = {
				ALWAYS_SEARCH_USER_PATHS = NO;
				CLANG_ANALYZER_NONNULL = YES;
				CLANG_CXX_LANGUAGE_STANDARD = "gnu++0x";
				CLANG_CXX_LIBRARY = "libc++";
				CLANG_ENABLE_MODULES = YES;
				CLANG_ENABLE_OBJC_ARC = YES;
				CLANG_WARN_BOOL_CONVERSION = YES;
				CLANG_WARN_CONSTANT_CONVERSION = YES;
				CLANG_WARN_DIRECT_OBJC_ISA_USAGE = YES_ERROR;
				CLANG_WARN_DOCUMENTATION_COMMENTS = YES;
				CLANG_WARN_EMPTY_BODY = YES;
				CLANG_WARN_ENUM_CONVERSION = YES;
				CLANG_WARN_INFINITE_RECURSION = YES;
				CLANG_WARN_INT_CONVERSION = YES;
				CLANG_WARN_OBJC_ROOT_CLASS = YES_ERROR;
				CLANG_WARN_SUSPICIOUS_MOVES = YES;
				CLANG_WARN_UNREACHABLE_CODE = YES;
				CLANG_WARN__DUPLICATE_METHOD_MATCH = YES;
				"CODE_SIGN_IDENTITY[sdk=iphoneos*]" = "iPhone Developer";
				COPY_PHASE_STRIP = NO;
				DEBUG_INFORMATION_FORMAT = "dwarf-with-dsym";
				ENABLE_NS_ASSERTIONS = NO;
				ENABLE_STRICT_OBJC_MSGSEND = YES;
				GCC_C_LANGUAGE_STANDARD = gnu99;
				GCC_NO_COMMON_BLOCKS = YES;
				GCC_WARN_64_TO_32_BIT_CONVERSION = YES;
				GCC_WARN_ABOUT_RETURN_TYPE = YES_ERROR;
				GCC_WARN_UNDECLARED_SELECTOR = YES;
				GCC_WARN_UNINITIALIZED_AUTOS = YES_AGGRESSIVE;
				GCC_WARN_UNUSED_FUNCTION = YES;
				GCC_WARN_UNUSED_VARIABLE = YES;
				IPHONEOS_DEPLOYMENT_TARGET = 10.0;
				MTL_ENABLE_DEBUG_INFO = NO;
				SDKROOT = iphoneos;
				SWIFT_OPTIMIZATION_LEVEL = "-Owholemodule";
				TARGETED_DEVICE_FAMILY = "1,2";
				VALIDATE_PRODUCT = YES;
			};
			name = Release;
		};
		19FC1FED1DBA79DA008AE078 /* Debug */ = {
			isa = XCBuildConfiguration;
			baseConfigurationReference = ADAB6090F9785D2D2C8EAFDA /* Pods-Idealy.debug.xcconfig */;
			buildSettings = {
				ASSETCATALOG_COMPILER_APPICON_NAME = AppIcon;
				DEVELOPMENT_TEAM = T4B85P4F7X;
				INFOPLIST_FILE = Idealy/Info.plist;
				LD_RUNPATH_SEARCH_PATHS = "$(inherited) @executable_path/Frameworks";
				PRODUCT_BUNDLE_IDENTIFIER = com.stevengraf.Idealy;
				PRODUCT_NAME = "$(TARGET_NAME)";
				SWIFT_VERSION = 3.0;
			};
			name = Debug;
		};
		19FC1FEE1DBA79DA008AE078 /* Release */ = {
			isa = XCBuildConfiguration;
			baseConfigurationReference = 6F31787B349B39662417C5C3 /* Pods-Idealy.release.xcconfig */;
			buildSettings = {
				ASSETCATALOG_COMPILER_APPICON_NAME = AppIcon;
				DEVELOPMENT_TEAM = T4B85P4F7X;
				INFOPLIST_FILE = Idealy/Info.plist;
				LD_RUNPATH_SEARCH_PATHS = "$(inherited) @executable_path/Frameworks";
				PRODUCT_BUNDLE_IDENTIFIER = com.stevengraf.Idealy;
				PRODUCT_NAME = "$(TARGET_NAME)";
				SWIFT_VERSION = 3.0;
			};
			name = Release;
		};
/* End XCBuildConfiguration section */

/* Begin XCConfigurationList section */
		19FC1FD51DBA79D8008AE078 /* Build configuration list for PBXProject "Idealy" */ = {
			isa = XCConfigurationList;
			buildConfigurations = (
				19FC1FEA1DBA79DA008AE078 /* Debug */,
				19FC1FEB1DBA79DA008AE078 /* Release */,
			);
			defaultConfigurationIsVisible = 0;
			defaultConfigurationName = Release;
		};
		19FC1FEC1DBA79DA008AE078 /* Build configuration list for PBXNativeTarget "Idealy" */ = {
			isa = XCConfigurationList;
			buildConfigurations = (
				19FC1FED1DBA79DA008AE078 /* Debug */,
				19FC1FEE1DBA79DA008AE078 /* Release */,
			);
			defaultConfigurationIsVisible = 0;
			defaultConfigurationName = Release;
		};
/* End XCConfigurationList section */
	};
	rootObject = 19FC1FD21DBA79D8008AE078 /* Project object */;
}
